
Microsoft Visual Studio Solution File, Format Version 12.00
# Visual Studio 2013
VisualStudioVersion = 12.0.31101.0
MinimumVisualStudioVersion = 10.0.40219.1
Project("{2150E333-8FDC-42A3-9474-1A3956D46DE8}") = "EscapistVideograbber", "EscapistVideograbber", "{B51CBB63-B68F-406C-ADF1-DFCB45D39614}"
	ProjectSection(SolutionItems) = preProject
		Notes.txt = Notes.txt
	EndProjectSection
EndProject
Project("{D954291E-2A0B-460D-934E-DC6B0785DB48}") = "EscapistVideograbber.Shared", "EscapistVideograbber\EscapistVideograbber.Shared\EscapistVideograbber.Shared.shproj", "{6C7937EB-F5EB-4A29-AF62-C52D7BAE422C}"
EndProject
Project("{FAE04EC0-301F-11D3-BF4B-00C04F79EFBC}") = "EscapistVideograbber.Windows", "EscapistVideograbber\EscapistVideograbber.Windows\EscapistVideograbber.Windows.csproj", "{2811EEA6-0C74-4897-AE9F-79BE05490FB8}"
EndProject
Project("{FAE04EC0-301F-11D3-BF4B-00C04F79EFBC}") = "EscapistVideograbber.WindowsPhone", "EscapistVideograbber\EscapistVideograbber.WindowsPhone\EscapistVideograbber.WindowsPhone.csproj", "{80071C8C-8881-45B9-9F27-BABD3D0C2F6E}"
EndProject
Project("{FAE04EC0-301F-11D3-BF4B-00C04F79EFBC}") = "GrabbingLib", "GrabbingLib\GrabbingLib.csproj", "{F4A28537-BFFF-4BFD-808E-26C30750DE8B}"
EndProject
Project("{FAE04EC0-301F-11D3-BF4B-00C04F79EFBC}") = "DesktopGrabber", "DesktopGrabber\DesktopGrabber.csproj", "{86613033-837C-4DC1-8ACA-2EB3CFE3DCE5}"
EndProject
Global
	GlobalSection(SharedMSBuildProjectFiles) = preSolution
		EscapistVideograbber\EscapistVideograbber.Shared\EscapistVideograbber.Shared.projitems*{80071c8c-8881-45b9-9f27-babd3d0c2f6e}*SharedItemsImports = 4
		EscapistVideograbber\EscapistVideograbber.Shared\EscapistVideograbber.Shared.projitems*{6c7937eb-f5eb-4a29-af62-c52d7bae422c}*SharedItemsImports = 13
		EscapistVideograbber\EscapistVideograbber.Shared\EscapistVideograbber.Shared.projitems*{2811eea6-0c74-4897-ae9f-79be05490fb8}*SharedItemsImports = 4
	EndGlobalSection
	GlobalSection(SolutionConfigurationPlatforms) = preSolution
		Debug|Any CPU = Debug|Any CPU
		Debug|ARM = Debug|ARM
		Debug|x64 = Debug|x64
		Debug|x86 = Debug|x86
		Release|Any CPU = Release|Any CPU
		Release|ARM = Release|ARM
		Release|x64 = Release|x64
		Release|x86 = Release|x86
	EndGlobalSection
	GlobalSection(ProjectConfigurationPlatforms) = postSolution
		{2811EEA6-0C74-4897-AE9F-79BE05490FB8}.Debug|Any CPU.ActiveCfg = Debug|Any CPU
		{2811EEA6-0C74-4897-AE9F-79BE05490FB8}.Debug|Any CPU.Build.0 = Debug|Any CPU
		{2811EEA6-0C74-4897-AE9F-79BE05490FB8}.Debug|Any CPU.Deploy.0 = Debug|Any CPU
		{2811EEA6-0C74-4897-AE9F-79BE05490FB8}.Debug|ARM.ActiveCfg = Debug|ARM
		{2811EEA6-0C74-4897-AE9F-79BE05490FB8}.Debug|ARM.Build.0 = Debug|ARM
		{2811EEA6-0C74-4897-AE9F-79BE05490FB8}.Debug|ARM.Deploy.0 = Debug|ARM
		{2811EEA6-0C74-4897-AE9F-79BE05490FB8}.Debug|x64.ActiveCfg = Debug|x64
		{2811EEA6-0C74-4897-AE9F-79BE05490FB8}.Debug|x64.Build.0 = Debug|x64
		{2811EEA6-0C74-4897-AE9F-79BE05490FB8}.Debug|x64.Deploy.0 = Debug|x64
		{2811EEA6-0C74-4897-AE9F-79BE05490FB8}.Debug|x86.ActiveCfg = Debug|x86
		{2811EEA6-0C74-4897-AE9F-79BE05490FB8}.Debug|x86.Build.0 = Debug|x86
		{2811EEA6-0C74-4897-AE9F-79BE05490FB8}.Debug|x86.Deploy.0 = Debug|x86
		{2811EEA6-0C74-4897-AE9F-79BE05490FB8}.Release|Any CPU.ActiveCfg = Release|Any CPU
		{2811EEA6-0C74-4897-AE9F-79BE05490FB8}.Release|Any CPU.Build.0 = Release|Any CPU
		{2811EEA6-0C74-4897-AE9F-79BE05490FB8}.Release|Any CPU.Deploy.0 = Release|Any CPU
		{2811EEA6-0C74-4897-AE9F-79BE05490FB8}.Release|ARM.ActiveCfg = Release|ARM
		{2811EEA6-0C74-4897-AE9F-79BE05490FB8}.Release|ARM.Build.0 = Release|ARM
		{2811EEA6-0C74-4897-AE9F-79BE05490FB8}.Release|ARM.Deploy.0 = Release|ARM
		{2811EEA6-0C74-4897-AE9F-79BE05490FB8}.Release|x64.ActiveCfg = Release|x64
		{2811EEA6-0C74-4897-AE9F-79BE05490FB8}.Release|x64.Build.0 = Release|x64
		{2811EEA6-0C74-4897-AE9F-79BE05490FB8}.Release|x64.Deploy.0 = Release|x64
		{2811EEA6-0C74-4897-AE9F-79BE05490FB8}.Release|x86.ActiveCfg = Release|x86
		{2811EEA6-0C74-4897-AE9F-79BE05490FB8}.Release|x86.Build.0 = Release|x86
		{2811EEA6-0C74-4897-AE9F-79BE05490FB8}.Release|x86.Deploy.0 = Release|x86
		{80071C8C-8881-45B9-9F27-BABD3D0C2F6E}.Debug|Any CPU.ActiveCfg = Debug|Any CPU
		{80071C8C-8881-45B9-9F27-BABD3D0C2F6E}.Debug|Any CPU.Build.0 = Debug|Any CPU
		{80071C8C-8881-45B9-9F27-BABD3D0C2F6E}.Debug|Any CPU.Deploy.0 = Debug|Any CPU
		{80071C8C-8881-45B9-9F27-BABD3D0C2F6E}.Debug|ARM.ActiveCfg = Debug|ARM
		{80071C8C-8881-45B9-9F27-BABD3D0C2F6E}.Debug|ARM.Build.0 = Debug|ARM
		{80071C8C-8881-45B9-9F27-BABD3D0C2F6E}.Debug|ARM.Deploy.0 = Debug|ARM
		{80071C8C-8881-45B9-9F27-BABD3D0C2F6E}.Debug|x64.ActiveCfg = Debug|Any CPU
		{80071C8C-8881-45B9-9F27-BABD3D0C2F6E}.Debug|x86.ActiveCfg = Debug|x86
		{80071C8C-8881-45B9-9F27-BABD3D0C2F6E}.Debug|x86.Build.0 = Debug|x86
		{80071C8C-8881-45B9-9F27-BABD3D0C2F6E}.Debug|x86.Deploy.0 = Debug|x86
		{80071C8C-8881-45B9-9F27-BABD3D0C2F6E}.Release|Any CPU.ActiveCfg = Release|Any CPU
		{80071C8C-8881-45B9-9F27-BABD3D0C2F6E}.Release|Any CPU.Build.0 = Release|Any CPU
		{80071C8C-8881-45B9-9F27-BABD3D0C2F6E}.Release|Any CPU.Deploy.0 = Release|Any CPU
		{80071C8C-8881-45B9-9F27-BABD3D0C2F6E}.Release|ARM.ActiveCfg = Release|ARM
		{80071C8C-8881-45B9-9F27-BABD3D0C2F6E}.Release|ARM.Build.0 = Release|ARM
		{80071C8C-8881-45B9-9F27-BABD3D0C2F6E}.Release|ARM.Deploy.0 = Release|ARM
		{80071C8C-8881-45B9-9F27-BABD3D0C2F6E}.Release|x64.ActiveCfg = Release|Any CPU
		{80071C8C-8881-45B9-9F27-BABD3D0C2F6E}.Release|x86.ActiveCfg = Release|x86
		{80071C8C-8881-45B9-9F27-BABD3D0C2F6E}.Release|x86.Build.0 = Release|x86
		{80071C8C-8881-45B9-9F27-BABD3D0C2F6E}.Release|x86.Deploy.0 = Release|x86
		{F4A28537-BFFF-4BFD-808E-26C30750DE8B}.Debug|Any CPU.ActiveCfg = Debug|Any CPU
		{F4A28537-BFFF-4BFD-808E-26C30750DE8B}.Debug|Any CPU.Build.0 = Debug|Any CPU
		{F4A28537-BFFF-4BFD-808E-26C30750DE8B}.Debug|ARM.ActiveCfg = Debug|Any CPU
		{F4A28537-BFFF-4BFD-808E-26C30750DE8B}.Debug|x64.ActiveCfg = Debug|Any CPU
		{F4A28537-BFFF-4BFD-808E-26C30750DE8B}.Debug|x86.ActiveCfg = Debug|Any CPU
		{F4A28537-BFFF-4BFD-808E-26C30750DE8B}.Release|Any CPU.ActiveCfg = Release|Any CPU
		{F4A28537-BFFF-4BFD-808E-26C30750DE8B}.Release|Any CPU.Build.0 = Release|Any CPU
		{F4A28537-BFFF-4BFD-808E-26C30750DE8B}.Release|ARM.ActiveCfg = Release|Any CPU
		{F4A28537-BFFF-4BFD-808E-26C30750DE8B}.Release|x64.ActiveCfg = Release|Any CPU
		{F4A28537-BFFF-4BFD-808E-26C30750DE8B}.Release|x86.ActiveCfg = Release|Any CPU
		{86613033-837C-4DC1-8ACA-2EB3CFE3DCE5}.Debug|Any CPU.ActiveCfg = Debug|Any CPU
		{86613033-837C-4DC1-8ACA-2EB3CFE3DCE5}.Debug|Any CPU.Build.0 = Debug|Any CPU
		{86613033-837C-4DC1-8ACA-2EB3CFE3DCE5}.Debug|ARM.ActiveCfg = Debug|Any CPU
		{86613033-837C-4DC1-8ACA-2EB3CFE3DCE5}.Debug|x64.ActiveCfg = Debug|Any CPU
		{86613033-837C-4DC1-8ACA-2EB3CFE3DCE5}.Debug|x86.ActiveCfg = Debug|Any CPU
		{86613033-837C-4DC1-8ACA-2EB3CFE3DCE5}.Release|Any CPU.ActiveCfg = Release|Any CPU
		{86613033-837C-4DC1-8ACA-2EB3CFE3DCE5}.Release|Any CPU.Build.0 = Release|Any CPU
		{86613033-837C-4DC1-8ACA-2EB3CFE3DCE5}.Release|ARM.ActiveCfg = Release|Any CPU
		{86613033-837C-4DC1-8ACA-2EB3CFE3DCE5}.Release|x64.ActiveCfg = Release|Any CPU
		{86613033-837C-4DC1-8ACA-2EB3CFE3DCE5}.Release|x86.ActiveCfg = Release|Any CPU
	EndGlobalSection
	GlobalSection(SolutionProperties) = preSolution
		HideSolutionNode = FALSE
	EndGlobalSection
	GlobalSection(NestedProjects) = preSolution
		{6C7937EB-F5EB-4A29-AF62-C52D7BAE422C} = {B51CBB63-B68F-406C-ADF1-DFCB45D39614}
		{2811EEA6-0C74-4897-AE9F-79BE05490FB8} = {B51CBB63-B68F-406C-ADF1-DFCB45D39614}
		{80071C8C-8881-45B9-9F27-BABD3D0C2F6E} = {B51CBB63-B68F-406C-ADF1-DFCB45D39614}
		{F4A28537-BFFF-4BFD-808E-26C30750DE8B} = {B51CBB63-B68F-406C-ADF1-DFCB45D39614}
		{86613033-837C-4DC1-8ACA-2EB3CFE3DCE5} = {B51CBB63-B68F-406C-ADF1-DFCB45D39614}
	EndGlobalSection
EndGlobal
